
Microsoft Visual Studio Solution File, Format Version 12.00
# Visual Studio Version 16
VisualStudioVersion = 16.0.31410.357
MinimumVisualStudioVersion = 10.0.40219.1
Project("{FAE04EC0-301F-11D3-BF4B-00C04F79EFBC}") = "MyFirstAngularWebApp", "MyFirstAngularWebApp\MyFirstAngularWebApp.csproj", "{BFDD642A-498C-4629-86DC-4F2F88E7E176}"
EndProject
Global
	GlobalSection(SolutionConfigurationPlatforms) = preSolution
		Debug|Any CPU = Debug|Any CPU
		Release|Any CPU = Release|Any CPU
	EndGlobalSection
	GlobalSection(ProjectConfigurationPlatforms) = postSolution
		{BFDD642A-498C-4629-86DC-4F2F88E7E176}.Debug|Any CPU.ActiveCfg = Debug|Any CPU
		{BFDD642A-498C-4629-86DC-4F2F88E7E176}.Debug|Any CPU.Build.0 = Debug|Any CPU
		{BFDD642A-498C-4629-86DC-4F2F88E7E176}.Release|Any CPU.ActiveCfg = Release|Any CPU
		{BFDD642A-498C-4629-86DC-4F2F88E7E176}.Release|Any CPU.Build.0 = Release|Any CPU
	EndGlobalSection
	GlobalSection(SolutionProperties) = preSolution
		HideSolutionNode = FALSE
	EndGlobalSection
	GlobalSection(ExtensibilityGlobals) = postSolution
		SolutionGuid = {E14DECB8-6B7B-48A5-8B1C-4BB3AF65AF66}
	EndGlobalSection
EndGlobal
